
Microsoft Visual Studio Solution File, Format Version 12.00
# Visual Studio Version 16
VisualStudioVersion = 16.0.31729.503
MinimumVisualStudioVersion = 10.0.40219.1
Project("{FAE04EC0-301F-11D3-BF4B-00C04F79EFBC}") = "task", "task\task.csproj", "{555A50E6-64FC-4059-8FB3-A47BDA347FC9}"
EndProject
Global
	GlobalSection(SolutionConfigurationPlatforms) = preSolution
		Debug|Any CPU = Debug|Any CPU
		Release|Any CPU = Release|Any CPU
	EndGlobalSection
	GlobalSection(ProjectConfigurationPlatforms) = postSolution
		{555A50E6-64FC-4059-8FB3-A47BDA347FC9}.Debug|Any CPU.ActiveCfg = Debug|Any CPU
		{555A50E6-64FC-4059-8FB3-A47BDA347FC9}.Debug|Any CPU.Build.0 = Debug|Any CPU
		{555A50E6-64FC-4059-8FB3-A47BDA347FC9}.Release|Any CPU.ActiveCfg = Release|Any CPU
		{555A50E6-64FC-4059-8FB3-A47BDA347FC9}.Release|Any CPU.Build.0 = Release|Any CPU
	EndGlobalSection
	GlobalSection(SolutionProperties) = preSolution
		HideSolutionNode = FALSE
	EndGlobalSection
	GlobalSection(ExtensibilityGlobals) = postSolution
		SolutionGuid = {3371DF98-4601-4AA9-B9A6-5ECB8071957B}
	EndGlobalSection
EndGlobal
